// !$*UTF8*$!
{
	archiveVersion = 1;
	classes = {
	};
	objectVersion = 77;
	objects = {

/* Begin PBXContainerItemProxy section */
		5D2B34EE2D6A991600FEE5DF /* PBXContainerItemProxy */ = {
			isa = PBXContainerItemProxy;
			containerPortal = 5D2B34D52D6A991000FEE5DF /* Project object */;
			proxyType = 1;
			remoteGlobalIDString = 5D2B34DC2D6A991000FEE5DF;
			remoteInfo = SleepScore;
		};
		5D2B34F82D6A991700FEE5DF /* PBXContainerItemProxy */ = {
			isa = PBXContainerItemProxy;
			containerPortal = 5D2B34D52D6A991000FEE5DF /* Project object */;
			proxyType = 1;
			remoteGlobalIDString = 5D2B34DC2D6A991000FEE5DF;
			remoteInfo = SleepScore;
		};
/* End PBXContainerItemProxy section */

/* Begin PBXFileReference section */
		5D2B34DD2D6A991000FEE5DF /* SleepScore.app */ = {isa = PBXFileReference; explicitFileType = wrapper.application; includeInIndex = 0; path = SleepScore.app; sourceTree = BUILT_PRODUCTS_DIR; };
		5D2B34ED2D6A991600FEE5DF /* SleepScoreTests.xctest */ = {isa = PBXFileReference; explicitFileType = wrapper.cfbundle; includeInIndex = 0; path = SleepScoreTests.xctest; sourceTree = BUILT_PRODUCTS_DIR; };
		5D2B34F72D6A991700FEE5DF /* SleepScoreUITests.xctest */ = {isa = PBXFileReference; explicitFileType = wrapper.cfbundle; includeInIndex = 0; path = SleepScoreUITests.xctest; sourceTree = BUILT_PRODUCTS_DIR; };
/* End PBXFileReference section */

/* Begin PBXFileSystemSynchronizedRootGroup section */
		5D2B34DF2D6A991000FEE5DF /* SleepScore */ = {
			isa = PBXFileSystemSynchronizedRootGroup;
			path = SleepScore;
			sourceTree = "<group>";
		};
		5D2B34F02D6A991700FEE5DF /* SleepScoreTests */ = {
			isa = PBXFileSystemSynchronizedRootGroup;
			path = SleepScoreTests;
			sourceTree = "<group>";
		};
		5D2B34FA2D6A991700FEE5DF /* SleepScoreUITests */ = {
			isa = PBXFileSystemSynchronizedRootGroup;
			path = SleepScoreUITests;
			sourceTree = "<group>";
		};
/* End PBXFileSystemSynchronizedRootGroup section */

/* Begin PBXFrameworksBuildPhase section */
		5D2B34DA2D6A991000FEE5DF /* Frameworks */ = {
			isa = PBXFrameworksBuildPhase;
			buildActionMask = 2147483647;
			files = (
			);
			runOnlyForDeploymentPostprocessing = 0;
		};
		5D2B34EA2D6A991600FEE5DF /* Frameworks */ = {
			isa = PBXFrameworksBuildPhase;
			buildActionMask = 2147483647;
			files = (
			);
			runOnlyForDeploymentPostprocessing = 0;
		};
		5D2B34F42D6A991700FEE5DF /* Frameworks */ = {
			isa = PBXFrameworksBuildPhase;
			buildActionMask = 2147483647;
			files = (
			);
			runOnlyForDeploymentPostprocessing = 0;
		};
/* End PBXFrameworksBuildPhase section */

/* Begin PBXGroup section */
		5D2B34D42D6A991000FEE5DF = {
			isa = PBXGroup;
			children = (
				5D2B34DF2D6A991000FEE5DF /* SleepScore */,
				5D2B34F02D6A991700FEE5DF /* SleepScoreTests */,
				5D2B34FA2D6A991700FEE5DF /* SleepScoreUITests */,
				5D2B34DE2D6A991000FEE5DF /* Products */,
			);
			sourceTree = "<group>";
		};
		5D2B34DE2D6A991000FEE5DF /* Products */ = {
			isa = PBXGroup;
			children = (
				5D2B34DD2D6A991000FEE5DF /* SleepScore.app */,
				5D2B34ED2D6A991600FEE5DF /* SleepScoreTests.xctest */,
				5D2B34F72D6A991700FEE5DF /* SleepScoreUITests.xctest */,
			);
			name = Products;
			sourceTree = "<group>";
		};
/* End PBXGroup section */

/* Begin PBXNativeTarget section */
		5D2B34DC2D6A991000FEE5DF /* SleepScore */ = {
			isa = PBXNativeTarget;
			buildConfigurationList = 5D2B35012D6A991700FEE5DF /* Build configuration list for PBXNativeTarget "SleepScore" */;
			buildPhases = (
				5D2B34D92D6A991000FEE5DF /* Sources */,
				5D2B34DA2D6A991000FEE5DF /* Frameworks */,
				5D2B34DB2D6A991000FEE5DF /* Resources */,
			);
			buildRules = (
			);
			dependencies = (
			);
			fileSystemSynchronizedGroups = (
				5D2B34DF2D6A991000FEE5DF /* SleepScore */,
			);
			name = SleepScore;
			packageProductDependencies = (
			);
			productName = SleepScore;
			productReference = 5D2B34DD2D6A991000FEE5DF /* SleepScore.app */;
			productType = "com.apple.product-type.application";
		};
		5D2B34EC2D6A991600FEE5DF /* SleepScoreTests */ = {
			isa = PBXNativeTarget;
			buildConfigurationList = 5D2B35042D6A991700FEE5DF /* Build configuration list for PBXNativeTarget "SleepScoreTests" */;
			buildPhases = (
				5D2B34E92D6A991600FEE5DF /* Sources */,
				5D2B34EA2D6A991600FEE5DF /* Frameworks */,
				5D2B34EB2D6A991600FEE5DF /* Resources */,
			);
			buildRules = (
			);
			dependencies = (
				5D2B34EF2D6A991600FEE5DF /* PBXTargetDependency */,
			);
			fileSystemSynchronizedGroups = (
				5D2B34F02D6A991700FEE5DF /* SleepScoreTests */,
			);
			name = SleepScoreTests;
			packageProductDependencies = (
			);
			productName = SleepScoreTests;
			productReference = 5D2B34ED2D6A991600FEE5DF /* SleepScoreTests.xctest */;
			productType = "com.apple.product-type.bundle.unit-test";
		};
		5D2B34F62D6A991700FEE5DF /* SleepScoreUITests */ = {
			isa = PBXNativeTarget;
			buildConfigurationList = 5D2B35072D6A991700FEE5DF /* Build configuration list for PBXNativeTarget "SleepScoreUITests" */;
			buildPhases = (
				5D2B34F32D6A991700FEE5DF /* Sources */,
				5D2B34F42D6A991700FEE5DF /* Frameworks */,
				5D2B34F52D6A991700FEE5DF /* Resources */,
			);
			buildRules = (
			);
			dependencies = (
				5D2B34F92D6A991700FEE5DF /* PBXTargetDependency */,
			);
			fileSystemSynchronizedGroups = (
				5D2B34FA2D6A991700FEE5DF /* SleepScoreUITests */,
			);
			name = SleepScoreUITests;
			packageProductDependencies = (
			);
			productName = SleepScoreUITests;
			productReference = 5D2B34F72D6A991700FEE5DF /* SleepScoreUITests.xctest */;
			productType = "com.apple.product-type.bundle.ui-testing";
		};
/* End PBXNativeTarget section */

/* Begin PBXProject section */
		5D2B34D52D6A991000FEE5DF /* Project object */ = {
			isa = PBXProject;
			attributes = {
				BuildIndependentTargetsInParallel = 1;
				LastSwiftUpdateCheck = 1610;
				LastUpgradeCheck = 1610;
				TargetAttributes = {
					5D2B34DC2D6A991000FEE5DF = {
						CreatedOnToolsVersion = 16.1;
					};
					5D2B34EC2D6A991600FEE5DF = {
						CreatedOnToolsVersion = 16.1;
						TestTargetID = 5D2B34DC2D6A991000FEE5DF;
					};
					5D2B34F62D6A991700FEE5DF = {
						CreatedOnToolsVersion = 16.1;
						TestTargetID = 5D2B34DC2D6A991000FEE5DF;
					};
				};
			};
			buildConfigurationList = 5D2B34D82D6A991000FEE5DF /* Build configuration list for PBXProject "SleepScore" */;
			developmentRegion = en;
			hasScannedForEncodings = 0;
			knownRegions = (
				en,
				Base,
			);
			mainGroup = 5D2B34D42D6A991000FEE5DF;
			minimizedProjectReferenceProxies = 1;
			preferredProjectObjectVersion = 77;
			productRefGroup = 5D2B34DE2D6A991000FEE5DF /* Products */;
			projectDirPath = "";
			projectRoot = "";
			targets = (
				5D2B34DC2D6A991000FEE5DF /* SleepScore */,
				5D2B34EC2D6A991600FEE5DF /* SleepScoreTests */,
				5D2B34F62D6A991700FEE5DF /* SleepScoreUITests */,
			);
		};
/* End PBXProject section */

/* Begin PBXResourcesBuildPhase section */
		5D2B34DB2D6A991000FEE5DF /* Resources */ = {
			isa = PBXResourcesBuildPhase;
			buildActionMask = 2147483647;
			files = (
			);
			runOnlyForDeploymentPostprocessing = 0;
		};
		5D2B34EB2D6A991600FEE5DF /* Resources */ = {
			isa = PBXResourcesBuildPhase;
			buildActionMask = 2147483647;
			files = (
			);
			runOnlyForDeploymentPostprocessing = 0;
		};
		5D2B34F52D6A991700FEE5DF /* Resources */ = {
			isa = PBXResourcesBuildPhase;
			buildActionMask = 2147483647;
			files = (
			);
			runOnlyForDeploymentPostprocessing = 0;
		};
/* End PBXResourcesBuildPhase section */

/* Begin PBXSourcesBuildPhase section */
		5D2B34D92D6A991000FEE5DF /* Sources */ = {
			isa = PBXSourcesBuildPhase;
			buildActionMask = 2147483647;
			files = (
			);
			runOnlyForDeploymentPostprocessing = 0;
		};
		5D2B34E92D6A991600FEE5DF /* Sources */ = {
			isa = PBXSourcesBuildPhase;
			buildActionMask = 2147483647;
			files = (
			);
			runOnlyForDeploymentPostprocessing = 0;
		};
		5D2B34F32D6A991700FEE5DF /* Sources */ = {
			isa = PBXSourcesBuildPhase;
			buildActionMask = 2147483647;
			files = (
			);
			runOnlyForDeploymentPostprocessing = 0;
		};
/* End PBXSourcesBuildPhase section */

/* Begin PBXTargetDependency section */
		5D2B34EF2D6A991600FEE5DF /* PBXTargetDependency */ = {
			isa = PBXTargetDependency;
			target = 5D2B34DC2D6A991000FEE5DF /* SleepScore */;
			targetProxy = 5D2B34EE2D6A991600FEE5DF /* PBXContainerItemProxy */;
		};
		5D2B34F92D6A991700FEE5DF /* PBXTargetDependency */ = {
			isa = PBXTargetDependency;
			target = 5D2B34DC2D6A991000FEE5DF /* SleepScore */;
			targetProxy = 5D2B34F82D6A991700FEE5DF /* PBXContainerItemProxy */;
		};
/* End PBXTargetDependency section */

/* Begin XCBuildConfiguration section */
		5D2B34FF2D6A991700FEE5DF /* Debug */ = {
			isa = XCBuildConfiguration;
			buildSettings = {
				ALWAYS_SEARCH_USER_PATHS = NO;
				ASSETCATALOG_COMPILER_GENERATE_SWIFT_ASSET_SYMBOL_EXTENSIONS = YES;
				CLANG_ANALYZER_NONNULL = YES;
				CLANG_ANALYZER_NUMBER_OBJECT_CONVERSION = YES_AGGRESSIVE;
				CLANG_CXX_LANGUAGE_STANDARD = "gnu++20";
				CLANG_ENABLE_MODULES = YES;
				CLANG_ENABLE_OBJC_ARC = YES;
				CLANG_ENABLE_OBJC_WEAK = YES;
				CLANG_WARN_BLOCK_CAPTURE_AUTORELEASING = YES;
				CLANG_WARN_BOOL_CONVERSION = YES;
				CLANG_WARN_COMMA = YES;
				CLANG_WARN_CONSTANT_CONVERSION = YES;
				CLANG_WARN_DEPRECATED_OBJC_IMPLEMENTATIONS = YES;
				CLANG_WARN_DIRECT_OBJC_ISA_USAGE = YES_ERROR;
				CLANG_WARN_DOCUMENTATION_COMMENTS = YES;
				CLANG_WARN_EMPTY_BODY = YES;
				CLANG_WARN_ENUM_CONVERSION = YES;
				CLANG_WARN_INFINITE_RECURSION = YES;
				CLANG_WARN_INT_CONVERSION = YES;
				CLANG_WARN_NON_LITERAL_NULL_CONVERSION = YES;
				CLANG_WARN_OBJC_IMPLICIT_RETAIN_SELF = YES;
				CLANG_WARN_OBJC_LITERAL_CONVERSION = YES;
				CLANG_WARN_OBJC_ROOT_CLASS = YES_ERROR;
				CLANG_WARN_QUOTED_INCLUDE_IN_FRAMEWORK_HEADER = YES;
				CLANG_WARN_RANGE_LOOP_ANALYSIS = YES;
				CLANG_WARN_STRICT_PROTOTYPES = YES;
				CLANG_WARN_SUSPICIOUS_MOVE = YES;
				CLANG_WARN_UNGUARDED_AVAILABILITY = YES_AGGRESSIVE;
				CLANG_WARN_UNREACHABLE_CODE = YES;
				CLANG_WARN__DUPLICATE_METHOD_MATCH = YES;
				COPY_PHASE_STRIP = NO;
				DEBUG_INFORMATION_FORMAT = dwarf;
				ENABLE_STRICT_OBJC_MSGSEND = YES;
				ENABLE_TESTABILITY = YES;
				ENABLE_USER_SCRIPT_SANDBOXING = YES;
				GCC_C_LANGUAGE_STANDARD = gnu17;
				GCC_DYNAMIC_NO_PIC = NO;
				GCC_NO_COMMON_BLOCKS = YES;
				GCC_OPTIMIZATION_LEVEL = 0;
				GCC_PREPROCESSOR_DEFINITIONS = (
					"DEBUG=1",
					"$(inherited)",
				);
				GCC_WARN_64_TO_32_BIT_CONVERSION = YES;
				GCC_WARN_ABOUT_RETURN_TYPE = YES_ERROR;
				GCC_WARN_UNDECLARED_SELECTOR = YES;
				GCC_WARN_UNINITIALIZED_AUTOS = YES_AGGRESSIVE;
				GCC_WARN_UNUSED_FUNCTION = YES;
				GCC_WARN_UNUSED_VARIABLE = YES;
				IPHONEOS_DEPLOYMENT_TARGET = 18.1;
				LOCALIZATION_PREFERS_STRING_CATALOGS = YES;
				MTL_ENABLE_DEBUG_INFO = INCLUDE_SOURCE;
				MTL_FAST_MATH = YES;
				ONLY_ACTIVE_ARCH = YES;
				SDKROOT = iphoneos;
				SWIFT_ACTIVE_COMPILATION_CONDITIONS = "DEBUG $(inherited)";
				SWIFT_OPTIMIZATION_LEVEL = "-Onone";
			};
			name = Debug;
		};
		5D2B35002D6A991700FEE5DF /* Release */ = {
			isa = XCBuildConfiguration;
			buildSettings = {
				ALWAYS_SEARCH_USER_PATHS = NO;
				ASSETCATALOG_COMPILER_GENERATE_SWIFT_ASSET_SYMBOL_EXTENSIONS = YES;
				CLANG_ANALYZER_NONNULL = YES;
				CLANG_ANALYZER_NUMBER_OBJECT_CONVERSION = YES_AGGRESSIVE;
				CLANG_CXX_LANGUAGE_STANDARD = "gnu++20";
				CLANG_ENABLE_MODULES = YES;
				CLANG_ENABLE_OBJC_ARC = YES;
				CLANG_ENABLE_OBJC_WEAK = YES;
				CLANG_WARN_BLOCK_CAPTURE_AUTORELEASING = YES;
				CLANG_WARN_BOOL_CONVERSION = YES;
				CLANG_WARN_COMMA = YES;
				CLANG_WARN_CONSTANT_CONVERSION = YES;
				CLANG_WARN_DEPRECATED_OBJC_IMPLEMENTATIONS = YES;
				CLANG_WARN_DIRECT_OBJC_ISA_USAGE = YES_ERROR;
				CLANG_WARN_DOCUMENTATION_COMMENTS = YES;
				CLANG_WARN_EMPTY_BODY = YES;
				CLANG_WARN_ENUM_CONVERSION = YES;
				CLANG_WARN_INFINITE_RECURSION = YES;
				CLANG_WARN_INT_CONVERSION = YES;
				CLANG_WARN_NON_LITERAL_NULL_CONVERSION = YES;
				CLANG_WARN_OBJC_IMPLICIT_RETAIN_SELF = YES;
				CLANG_WARN_OBJC_LITERAL_CONVERSION = YES;
				CLANG_WARN_OBJC_ROOT_CLASS = YES_ERROR;
				CLANG_WARN_QUOTED_INCLUDE_IN_FRAMEWORK_HEADER = YES;
				CLANG_WARN_RANGE_LOOP_ANALYSIS = YES;
				CLANG_WARN_STRICT_PROTOTYPES = YES;
				CLANG_WARN_SUSPICIOUS_MOVE = YES;
				CLANG_WARN_UNGUARDED_AVAILABILITY = YES_AGGRESSIVE;
				CLANG_WARN_UNREACHABLE_CODE = YES;
				CLANG_WARN__DUPLICATE_METHOD_MATCH = YES;
				COPY_PHASE_STRIP = NO;
				DEBUG_INFORMATION_FORMAT = "dwarf-with-dsym";
				ENABLE_NS_ASSERTIONS = NO;
				ENABLE_STRICT_OBJC_MSGSEND = YES;
				ENABLE_USER_SCRIPT_SANDBOXING = YES;
				GCC_C_LANGUAGE_STANDARD = gnu17;
				GCC_NO_COMMON_BLOCKS = YES;
				GCC_WARN_64_TO_32_BIT_CONVERSION = YES;
				GCC_WARN_ABOUT_RETURN_TYPE = YES_ERROR;
				GCC_WARN_UNDECLARED_SELECTOR = YES;
				GCC_WARN_UNINITIALIZED_AUTOS = YES_AGGRESSIVE;
				GCC_WARN_UNUSED_FUNCTION = YES;
				GCC_WARN_UNUSED_VARIABLE = YES;
				IPHONEOS_DEPLOYMENT_TARGET = 18.1;
				LOCALIZATION_PREFERS_STRING_CATALOGS = YES;
				MTL_ENABLE_DEBUG_INFO = NO;
				MTL_FAST_MATH = YES;
				SDKROOT = iphoneos;
				SWIFT_COMPILATION_MODE = wholemodule;
				VALIDATE_PRODUCT = YES;
			};
			name = Release;
		};
		5D2B35022D6A991700FEE5DF /* Debug */ = {
			isa = XCBuildConfiguration;
			buildSettings = {
				ASSETCATALOG_COMPILER_APPICON_NAME = AppIcon;
				ASSETCATALOG_COMPILER_GLOBAL_ACCENT_COLOR_NAME = AccentColor;
				CODE_SIGN_STYLE = Automatic;
				CURRENT_PROJECT_VERSION = 1;
				DEVELOPMENT_ASSET_PATHS = "\"SleepScore/Preview Content\"";
				DEVELOPMENT_TEAM = G72FR5936X;
				ENABLE_PREVIEWS = YES;
				GENERATE_INFOPLIST_FILE = YES;
				INFOPLIST_KEY_UIApplicationSceneManifest_Generation = YES;
				INFOPLIST_KEY_UIApplicationSupportsIndirectInputEvents = YES;
				INFOPLIST_KEY_UILaunchScreen_Generation = YES;
				INFOPLIST_KEY_UISupportedInterfaceOrientations_iPad = "UIInterfaceOrientationPortrait UIInterfaceOrientationPortraitUpsideDown UIInterfaceOrientationLandscapeLeft UIInterfaceOrientationLandscapeRight";
				INFOPLIST_KEY_UISupportedInterfaceOrientations_iPhone = "UIInterfaceOrientationPortrait UIInterfaceOrientationLandscapeLeft UIInterfaceOrientationLandscapeRight";
				LD_RUNPATH_SEARCH_PATHS = (
					"$(inherited)",
					"@executable_path/Frameworks",
				);
				MARKETING_VERSION = 1.0;
				PRODUCT_BUNDLE_IDENTIFIER = com.mycompany.SleepScore;
				PRODUCT_NAME = "$(TARGET_NAME)";
				SWIFT_EMIT_LOC_STRINGS = YES;
				SWIFT_VERSION = 5.0;
				TARGETED_DEVICE_FAMILY = "1,2";
			};
			name = Debug;
		};
		5D2B35032D6A991700FEE5DF /* Release */ = {
			isa = XCBuildConfiguration;
			buildSettings = {
				ASSETCATALOG_COMPILER_APPICON_NAME = AppIcon;
				ASSETCATALOG_COMPILER_GLOBAL_ACCENT_COLOR_NAME = AccentColor;
				CODE_SIGN_STYLE = Automatic;
				CURRENT_PROJECT_VERSION = 1;
				DEVELOPMENT_ASSET_PATHS = "\"SleepScore/Preview Content\"";
				DEVELOPMENT_TEAM = G72FR5936X;
				ENABLE_PREVIEWS = YES;
				GENERATE_INFOPLIST_FILE = YES;
				INFOPLIST_KEY_UIApplicationSceneManifest_Generation = YES;
				INFOPLIST_KEY_UIApplicationSupportsIndirectInputEvents = YES;
				INFOPLIST_KEY_UILaunchScreen_Generation = YES;
				INFOPLIST_KEY_UISupportedInterfaceOrientations_iPad = "UIInterfaceOrientationPortrait UIInterfaceOrientationPortraitUpsideDown UIInterfaceOrientationLandscapeLeft UIInterfaceOrientationLandscapeRight";
				INFOPLIST_KEY_UISupportedInterfaceOrientations_iPhone = "UIInterfaceOrientationPortrait UIInterfaceOrientationLandscapeLeft UIInterfaceOrientationLandscapeRight";
				LD_RUNPATH_SEARCH_PATHS = (
					"$(inherited)",
					"@executable_path/Frameworks",
				);
				MARKETING_VERSION = 1.0;
				PRODUCT_BUNDLE_IDENTIFIER = com.mycompany.SleepScore;
				PRODUCT_NAME = "$(TARGET_NAME)";
				SWIFT_EMIT_LOC_STRINGS = YES;
				SWIFT_VERSION = 5.0;
				TARGETED_DEVICE_FAMILY = "1,2";
			};
			name = Release;
		};
		5D2B35052D6A991700FEE5DF /* Debug */ = {
			isa = XCBuildConfiguration;
			buildSettings = {
				BUNDLE_LOADER = "$(TEST_HOST)";
				CODE_SIGN_STYLE = Automatic;
				CURRENT_PROJECT_VERSION = 1;
				DEVELOPMENT_TEAM = G72FR5936X;
				GENERATE_INFOPLIST_FILE = YES;
				IPHONEOS_DEPLOYMENT_TARGET = 18.1;
				MARKETING_VERSION = 1.0;
				PRODUCT_BUNDLE_IDENTIFIER = com.mycompany.SleepScoreTests;
				PRODUCT_NAME = "$(TARGET_NAME)";
				SWIFT_EMIT_LOC_STRINGS = NO;
				SWIFT_VERSION = 5.0;
				TARGETED_DEVICE_FAMILY = "1,2";
				TEST_HOST = "$(BUILT_PRODUCTS_DIR)/SleepScore.app/$(BUNDLE_EXECUTABLE_FOLDER_PATH)/SleepScore";
			};
			name = Debug;
		};
		5D2B35062D6A991700FEE5DF /* Release */ = {
			isa = XCBuildConfiguration;
			buildSettings = {
				BUNDLE_LOADER = "$(TEST_HOST)";
				CODE_SIGN_STYLE = Automatic;
				CURRENT_PROJECT_VERSION = 1;
				DEVELOPMENT_TEAM = G72FR5936X;
				GENERATE_INFOPLIST_FILE = YES;
				IPHONEOS_DEPLOYMENT_TARGET = 18.1;
				MARKETING_VERSION = 1.0;
				PRODUCT_BUNDLE_IDENTIFIER = com.mycompany.SleepScoreTests;
				PRODUCT_NAME = "$(TARGET_NAME)";
				SWIFT_EMIT_LOC_STRINGS = NO;
				SWIFT_VERSION = 5.0;
				TARGETED_DEVICE_FAMILY = "1,2";
				TEST_HOST = "$(BUILT_PRODUCTS_DIR)/SleepScore.app/$(BUNDLE_EXECUTABLE_FOLDER_PATH)/SleepScore";
			};
			name = Release;
		};
		5D2B35082D6A991700FEE5DF /* Debug */ = {
			isa = XCBuildConfiguration;
			buildSettings = {
				CODE_SIGN_STYLE = Automatic;
				CURRENT_PROJECT_VERSION = 1;
				DEVELOPMENT_TEAM = G72FR5936X;
				GENERATE_INFOPLIST_FILE = YES;
				MARKETING_VERSION = 1.0;
				PRODUCT_BUNDLE_IDENTIFIER = com.mycompany.SleepScoreUITests;
				PRODUCT_NAME = "$(TARGET_NAME)";
				SWIFT_EMIT_LOC_STRINGS = NO;
				SWIFT_VERSION = 5.0;
				TARGETED_DEVICE_FAMILY = "1,2";
				TEST_TARGET_NAME = SleepScore;
			};
			name = Debug;
		};
		5D2B35092D6A991700FEE5DF /* Release */ = {
			isa = XCBuildConfiguration;
			buildSettings = {
				CODE_SIGN_STYLE = Automatic;
				CURRENT_PROJECT_VERSION = 1;
				DEVELOPMENT_TEAM = G72FR5936X;
				GENERATE_INFOPLIST_FILE = YES;
				MARKETING_VERSION = 1.0;
				PRODUCT_BUNDLE_IDENTIFIER = com.mycompany.SleepScoreUITests;
				PRODUCT_NAME = "$(TARGET_NAME)";
				SWIFT_EMIT_LOC_STRINGS = NO;
				SWIFT_VERSION = 5.0;
				TARGETED_DEVICE_FAMILY = "1,2";
				TEST_TARGET_NAME = SleepScore;
			};
			name = Release;
		};
/* End XCBuildConfiguration section */

/* Begin XCConfigurationList section */
		5D2B34D82D6A991000FEE5DF /* Build configuration list for PBXProject "SleepScore" */ = {
			isa = XCConfigurationList;
			buildConfigurations = (
				5D2B34FF2D6A991700FEE5DF /* Debug */,
				5D2B35002D6A991700FEE5DF /* Release */,
			);
			defaultConfigurationIsVisible = 0;
			defaultConfigurationName = Release;
		};
		5D2B35012D6A991700FEE5DF /* Build configuration list for PBXNativeTarget "SleepScore" */ = {
			isa = XCConfigurationList;
			buildConfigurations = (
				5D2B35022D6A991700FEE5DF /* Debug */,
				5D2B35032D6A991700FEE5DF /* Release */,
			);
			defaultConfigurationIsVisible = 0;
			defaultConfigurationName = Release;
		};
		5D2B35042D6A991700FEE5DF /* Build configuration list for PBXNativeTarget "SleepScoreTests" */ = {
			isa = XCConfigurationList;
			buildConfigurations = (
				5D2B35052D6A991700FEE5DF /* Debug */,
				5D2B35062D6A991700FEE5DF /* Release */,
			);
			defaultConfigurationIsVisible = 0;
			defaultConfigurationName = Release;
		};
		5D2B35072D6A991700FEE5DF /* Build configuration list for PBXNativeTarget "SleepScoreUITests" */ = {
			isa = XCConfigurationList;
			buildConfigurations = (
				5D2B35082D6A991700FEE5DF /* Debug */,
				5D2B35092D6A991700FEE5DF /* Release */,
			);
			defaultConfigurationIsVisible = 0;
			defaultConfigurationName = Release;
		};
/* End XCConfigurationList section */
	};
	rootObject = 5D2B34D52D6A991000FEE5DF /* Project object */;
}
